{
  "requires": true,
  "lockfileVersion": 1,
  "dependencies": {
    "json2xml": {
      "version": "0.1.1",
      "resolved": "https://registry.npmjs.org/json2xml/-/json2xml-0.1.1.tgz",
      "integrity": "sha1-t3hOrCbtJzZKxuhTVn8fjYyatvk="
    },
    "sax": {
      "version": "1.2.4",
      "resolved": "https://registry.npmjs.org/sax/-/sax-1.2.4.tgz",
      "integrity": "sha512-NqVDv9TpANUjFm0N8uM5GxL36UgKi9/atZw+x7YFnQ8ckwFGKrl4xX4yWtrey3UJm5nP1kUbnYgLopqWNSRhWw=="
    },
    "xml-digester": {
      "version": "0.0.5",
      "resolved": "https://registry.npmjs.org/xml-digester/-/xml-digester-0.0.5.tgz",
      "integrity": "sha1-W+BXI1HL4wez3txZq4RKZpqMQ08=",
      "requires": {
        "sax": "1.2.4"
      }
    },
    "xml2js": {
      "version": "file:xml2js",
      "requires": {
        "json2xml": "0.1.1",
        "xml-digester": "0.0.5"
      },
      "dependencies": {
        "sax": {
          "version": "0.4.2",
          "bundled": true
        },
        "xml2js": {
          "version": "0.2.6",
          "bundled": true,
          "requires": {
            "sax": "0.4.2"
          }
        }
      }
    }
  }
}
